// !$*UTF8*$!
{
	archiveVersion = 1;
	classes = {
	};
	objectVersion = 56;
	objects = {

/* Begin PBXBuildFile section */
		5C07AE092B907B1E00675976 /* AssignmentApp.swift in Sources */ = {isa = PBXBuildFile; fileRef = 5C07AE082B907B1E00675976 /* AssignmentApp.swift */; };
		5C07AE0B2B907B1E00675976 /* ContentView.swift in Sources */ = {isa = PBXBuildFile; fileRef = 5C07AE0A2B907B1E00675976 /* ContentView.swift */; };
		5C07AE0D2B907B2400675976 /* Assets.xcassets in Resources */ = {isa = PBXBuildFile; fileRef = 5C07AE0C2B907B2400675976 /* Assets.xcassets */; };
		5C07AE102B907B2400675976 /* Preview Assets.xcassets in Resources */ = {isa = PBXBuildFile; fileRef = 5C07AE0F2B907B2400675976 /* Preview Assets.xcassets */; };
		5C07AE1A2B907B2500675976 /* AssignmentTests.swift in Sources */ = {isa = PBXBuildFile; fileRef = 5C07AE192B907B2500675976 /* AssignmentTests.swift */; };
		5C07AE242B907B2500675976 /* AssignmentUITests.swift in Sources */ = {isa = PBXBuildFile; fileRef = 5C07AE232B907B2500675976 /* AssignmentUITests.swift */; };
		5C07AE262B907B2500675976 /* AssignmentUITestsLaunchTests.swift in Sources */ = {isa = PBXBuildFile; fileRef = 5C07AE252B907B2500675976 /* AssignmentUITestsLaunchTests.swift */; };
		5C07AE332B907BC200675976 /* Screen2.swift in Sources */ = {isa = PBXBuildFile; fileRef = 5C07AE322B907BC200675976 /* Screen2.swift */; };
		5C07AE352B90835400675976 /* CardView.swift in Sources */ = {isa = PBXBuildFile; fileRef = 5C07AE342B90835400675976 /* CardView.swift */; };
		5C07AE382B90853C00675976 /* Item.swift in Sources */ = {isa = PBXBuildFile; fileRef = 5C07AE372B90853C00675976 /* Item.swift */; };
		5C07AE3B2B90859D00675976 /* ItemsData.swift in Sources */ = {isa = PBXBuildFile; fileRef = 5C07AE3A2B90859D00675976 /* ItemsData.swift */; };
/* End PBXBuildFile section */

/* Begin PBXContainerItemProxy section */
		5C07AE162B907B2400675976 /* PBXContainerItemProxy */ = {
			isa = PBXContainerItemProxy;
			containerPortal = 5C07ADFD2B907B1E00675976 /* Project object */;
			proxyType = 1;
			remoteGlobalIDString = 5C07AE042B907B1E00675976;
			remoteInfo = Assignment;
		};
		5C07AE202B907B2500675976 /* PBXContainerItemProxy */ = {
			isa = PBXContainerItemProxy;
			containerPortal = 5C07ADFD2B907B1E00675976 /* Project object */;
			proxyType = 1;
			remoteGlobalIDString = 5C07AE042B907B1E00675976;
			remoteInfo = Assignment;
		};
/* End PBXContainerItemProxy section */

/* Begin PBXFileReference section */
		5C07AE052B907B1E00675976 /* Assignment.app */ = {isa = PBXFileReference; explicitFileType = wrapper.application; includeInIndex = 0; path = Assignment.app; sourceTree = BUILT_PRODUCTS_DIR; };
		5C07AE082B907B1E00675976 /* AssignmentApp.swift */ = {isa = PBXFileReference; lastKnownFileType = sourcecode.swift; path = AssignmentApp.swift; sourceTree = "<group>"; };
		5C07AE0A2B907B1E00675976 /* ContentView.swift */ = {isa = PBXFileReference; lastKnownFileType = sourcecode.swift; path = ContentView.swift; sourceTree = "<group>"; };
		5C07AE0C2B907B2400675976 /* Assets.xcassets */ = {isa = PBXFileReference; lastKnownFileType = folder.assetcatalog; path = Assets.xcassets; sourceTree = "<group>"; };
		5C07AE0F2B907B2400675976 /* Preview Assets.xcassets */ = {isa = PBXFileReference; lastKnownFileType = folder.assetcatalog; path = "Preview Assets.xcassets"; sourceTree = "<group>"; };
		5C07AE152B907B2400675976 /* AssignmentTests.xctest */ = {isa = PBXFileReference; explicitFileType = wrapper.cfbundle; includeInIndex = 0; path = AssignmentTests.xctest; sourceTree = BUILT_PRODUCTS_DIR; };
		5C07AE192B907B2500675976 /* AssignmentTests.swift */ = {isa = PBXFileReference; lastKnownFileType = sourcecode.swift; path = AssignmentTests.swift; sourceTree = "<group>"; };
		5C07AE1F2B907B2500675976 /* AssignmentUITests.xctest */ = {isa = PBXFileReference; explicitFileType = wrapper.cfbundle; includeInIndex = 0; path = AssignmentUITests.xctest; sourceTree = BUILT_PRODUCTS_DIR; };
		5C07AE232B907B2500675976 /* AssignmentUITests.swift */ = {isa = PBXFileReference; lastKnownFileType = sourcecode.swift; path = AssignmentUITests.swift; sourceTree = "<group>"; };
		5C07AE252B907B2500675976 /* AssignmentUITestsLaunchTests.swift */ = {isa = PBXFileReference; lastKnownFileType = sourcecode.swift; path = AssignmentUITestsLaunchTests.swift; sourceTree = "<group>"; };
		5C07AE322B907BC200675976 /* Screen2.swift */ = {isa = PBXFileReference; lastKnownFileType = sourcecode.swift; path = Screen2.swift; sourceTree = "<group>"; };
		5C07AE342B90835400675976 /* CardView.swift */ = {isa = PBXFileReference; lastKnownFileType = sourcecode.swift; path = CardView.swift; sourceTree = "<group>"; };
		5C07AE372B90853C00675976 /* Item.swift */ = {isa = PBXFileReference; lastKnownFileType = sourcecode.swift; path = Item.swift; sourceTree = "<group>"; };
		5C07AE3A2B90859D00675976 /* ItemsData.swift */ = {isa = PBXFileReference; lastKnownFileType = sourcecode.swift; path = ItemsData.swift; sourceTree = "<group>"; };
/* End PBXFileReference section */

/* Begin PBXFrameworksBuildPhase section */
		5C07AE022B907B1E00675976 /* Frameworks */ = {
			isa = PBXFrameworksBuildPhase;
			buildActionMask = 2147483647;
			files = (
			);
			runOnlyForDeploymentPostprocessing = 0;
		};
		5C07AE122B907B2400675976 /* Frameworks */ = {
			isa = PBXFrameworksBuildPhase;
			buildActionMask = 2147483647;
			files = (
			);
			runOnlyForDeploymentPostprocessing = 0;
		};
		5C07AE1C2B907B2500675976 /* Frameworks */ = {
			isa = PBXFrameworksBuildPhase;
			buildActionMask = 2147483647;
			files = (
			);
			runOnlyForDeploymentPostprocessing = 0;
		};
/* End PBXFrameworksBuildPhase section */

/* Begin PBXGroup section */
		5C07ADFC2B907B1E00675976 = {
			isa = PBXGroup;
			children = (
				5C07AE072B907B1E00675976 /* Assignment */,
				5C07AE182B907B2500675976 /* AssignmentTests */,
				5C07AE222B907B2500675976 /* AssignmentUITests */,
				5C07AE062B907B1E00675976 /* Products */,
			);
			sourceTree = "<group>";
		};
		5C07AE062B907B1E00675976 /* Products */ = {
			isa = PBXGroup;
			children = (
				5C07AE052B907B1E00675976 /* Assignment.app */,
				5C07AE152B907B2400675976 /* AssignmentTests.xctest */,
				5C07AE1F2B907B2500675976 /* AssignmentUITests.xctest */,
			);
			name = Products;
			sourceTree = "<group>";
		};
		5C07AE072B907B1E00675976 /* Assignment */ = {
			isa = PBXGroup;
			children = (
				5C07AE3C2B9085A200675976 /* View */,
				5C07AE392B90858C00675976 /* Data */,
				5C07AE362B90852C00675976 /* Model */,
				5C07AE082B907B1E00675976 /* AssignmentApp.swift */,
				5C07AE0C2B907B2400675976 /* Assets.xcassets */,
				5C07AE0E2B907B2400675976 /* Preview Content */,
			);
			path = Assignment;
			sourceTree = "<group>";
		};
		5C07AE0E2B907B2400675976 /* Preview Content */ = {
			isa = PBXGroup;
			children = (
				5C07AE0F2B907B2400675976 /* Preview Assets.xcassets */,
			);
			path = "Preview Content";
			sourceTree = "<group>";
		};
		5C07AE182B907B2500675976 /* AssignmentTests */ = {
			isa = PBXGroup;
			children = (
				5C07AE192B907B2500675976 /* AssignmentTests.swift */,
			);
			path = AssignmentTests;
			sourceTree = "<group>";
		};
		5C07AE222B907B2500675976 /* AssignmentUITests */ = {
			isa = PBXGroup;
			children = (
				5C07AE232B907B2500675976 /* AssignmentUITests.swift */,
				5C07AE252B907B2500675976 /* AssignmentUITestsLaunchTests.swift */,
			);
			path = AssignmentUITests;
			sourceTree = "<group>";
		};
		5C07AE362B90852C00675976 /* Model */ = {
			isa = PBXGroup;
			children = (
				5C07AE372B90853C00675976 /* Item.swift */,
			);
			path = Model;
			sourceTree = "<group>";
		};
		5C07AE392B90858C00675976 /* Data */ = {
			isa = PBXGroup;
			children = (
				5C07AE3A2B90859D00675976 /* ItemsData.swift */,
			);
			path = Data;
			sourceTree = "<group>";
		};
		5C07AE3C2B9085A200675976 /* View */ = {
			isa = PBXGroup;
			children = (
				5C07AE342B90835400675976 /* CardView.swift */,
				5C07AE0A2B907B1E00675976 /* ContentView.swift */,
				5C07AE322B907BC200675976 /* Screen2.swift */,
			);
			path = View;
			sourceTree = "<group>";
		};
/* End PBXGroup section */

/* Begin PBXNativeTarget section */
		5C07AE042B907B1E00675976 /* Assignment */ = {
			isa = PBXNativeTarget;
			buildConfigurationList = 5C07AE292B907B2500675976 /* Build configuration list for PBXNativeTarget "Assignment" */;
			buildPhases = (
				5C07AE012B907B1E00675976 /* Sources */,
				5C07AE022B907B1E00675976 /* Frameworks */,
				5C07AE032B907B1E00675976 /* Resources */,
			);
			buildRules = (
			);
			dependencies = (
			);
			name = Assignment;
			productName = Assignment;
			productReference = 5C07AE052B907B1E00675976 /* Assignment.app */;
			productType = "com.apple.product-type.application";
		};
		5C07AE142B907B2400675976 /* AssignmentTests */ = {
			isa = PBXNativeTarget;
			buildConfigurationList = 5C07AE2C2B907B2500675976 /* Build configuration list for PBXNativeTarget "AssignmentTests" */;
			buildPhases = (
				5C07AE112B907B2400675976 /* Sources */,
				5C07AE122B907B2400675976 /* Frameworks */,
				5C07AE132B907B2400675976 /* Resources */,
			);
			buildRules = (
			);
			dependencies = (
				5C07AE172B907B2400675976 /* PBXTargetDependency */,
			);
			name = AssignmentTests;
			productName = AssignmentTests;
			productReference = 5C07AE152B907B2400675976 /* AssignmentTests.xctest */;
			productType = "com.apple.product-type.bundle.unit-test";
		};
		5C07AE1E2B907B2500675976 /* AssignmentUITests */ = {
			isa = PBXNativeTarget;
			buildConfigurationList = 5C07AE2F2B907B2500675976 /* Build configuration list for PBXNativeTarget "AssignmentUITests" */;
			buildPhases = (
				5C07AE1B2B907B2500675976 /* Sources */,
				5C07AE1C2B907B2500675976 /* Frameworks */,
				5C07AE1D2B907B2500675976 /* Resources */,
			);
			buildRules = (
			);
			dependencies = (
				5C07AE212B907B2500675976 /* PBXTargetDependency */,
			);
			name = AssignmentUITests;
			productName = AssignmentUITests;
			productReference = 5C07AE1F2B907B2500675976 /* AssignmentUITests.xctest */;
			productType = "com.apple.product-type.bundle.ui-testing";
		};
/* End PBXNativeTarget section */

/* Begin PBXProject section */
		5C07ADFD2B907B1E00675976 /* Project object */ = {
			isa = PBXProject;
			attributes = {
				BuildIndependentTargetsInParallel = 1;
				LastSwiftUpdateCheck = 1400;
				LastUpgradeCheck = 1400;
				TargetAttributes = {
					5C07AE042B907B1E00675976 = {
						CreatedOnToolsVersion = 14.0;
					};
					5C07AE142B907B2400675976 = {
						CreatedOnToolsVersion = 14.0;
						TestTargetID = 5C07AE042B907B1E00675976;
					};
					5C07AE1E2B907B2500675976 = {
						CreatedOnToolsVersion = 14.0;
						TestTargetID = 5C07AE042B907B1E00675976;
					};
				};
			};
			buildConfigurationList = 5C07AE002B907B1E00675976 /* Build configuration list for PBXProject "Assignment" */;
			compatibilityVersion = "Xcode 14.0";
			developmentRegion = en;
			hasScannedForEncodings = 0;
			knownRegions = (
				en,
				Base,
			);
			mainGroup = 5C07ADFC2B907B1E00675976;
			productRefGroup = 5C07AE062B907B1E00675976 /* Products */;
			projectDirPath = "";
			projectRoot = "";
			targets = (
				5C07AE042B907B1E00675976 /* Assignment */,
				5C07AE142B907B2400675976 /* AssignmentTests */,
				5C07AE1E2B907B2500675976 /* AssignmentUITests */,
			);
		};
/* End PBXProject section */

/* Begin PBXResourcesBuildPhase section */
		5C07AE032B907B1E00675976 /* Resources */ = {
			isa = PBXResourcesBuildPhase;
			buildActionMask = 2147483647;
			files = (
				5C07AE102B907B2400675976 /* Preview Assets.xcassets in Resources */,
				5C07AE0D2B907B2400675976 /* Assets.xcassets in Resources */,
			);
			runOnlyForDeploymentPostprocessing = 0;
		};
		5C07AE132B907B2400675976 /* Resources */ = {
			isa = PBXResourcesBuildPhase;
			buildActionMask = 2147483647;
			files = (
			);
			runOnlyForDeploymentPostprocessing = 0;
		};
		5C07AE1D2B907B2500675976 /* Resources */ = {
			isa = PBXResourcesBuildPhase;
			buildActionMask = 2147483647;
			files = (
			);
			runOnlyForDeploymentPostprocessing = 0;
		};
/* End PBXResourcesBuildPhase section */

/* Begin PBXSourcesBuildPhase section */
		5C07AE012B907B1E00675976 /* Sources */ = {
			isa = PBXSourcesBuildPhase;
			buildActionMask = 2147483647;
			files = (
				5C07AE3B2B90859D00675976 /* ItemsData.swift in Sources */,
				5C07AE382B90853C00675976 /* Item.swift in Sources */,
				5C07AE332B907BC200675976 /* Screen2.swift in Sources */,
				5C07AE0B2B907B1E00675976 /* ContentView.swift in Sources */,
				5C07AE352B90835400675976 /* CardView.swift in Sources */,
				5C07AE092B907B1E00675976 /* AssignmentApp.swift in Sources */,
			);
			runOnlyForDeploymentPostprocessing = 0;
		};
		5C07AE112B907B2400675976 /* Sources */ = {
			isa = PBXSourcesBuildPhase;
			buildActionMask = 2147483647;
			files = (
				5C07AE1A2B907B2500675976 /* AssignmentTests.swift in Sources */,
			);
			runOnlyForDeploymentPostprocessing = 0;
		};
		5C07AE1B2B907B2500675976 /* Sources */ = {
			isa = PBXSourcesBuildPhase;
			buildActionMask = 2147483647;
			files = (
				5C07AE242B907B2500675976 /* AssignmentUITests.swift in Sources */,
				5C07AE262B907B2500675976 /* AssignmentUITestsLaunchTests.swift in Sources */,
			);
			runOnlyForDeploymentPostprocessing = 0;
		};
/* End PBXSourcesBuildPhase section */

/* Begin PBXTargetDependency section */
		5C07AE172B907B2400675976 /* PBXTargetDependency */ = {
			isa = PBXTargetDependency;
			target = 5C07AE042B907B1E00675976 /* Assignment */;
			targetProxy = 5C07AE162B907B2400675976 /* PBXContainerItemProxy */;
		};
		5C07AE212B907B2500675976 /* PBXTargetDependency */ = {
			isa = PBXTargetDependency;
			target = 5C07AE042B907B1E00675976 /* Assignment */;
			targetProxy = 5C07AE202B907B2500675976 /* PBXContainerItemProxy */;
		};
/* End PBXTargetDependency section */

/* Begin XCBuildConfiguration section */
		5C07AE272B907B2500675976 /* Debug */ = {
			isa = XCBuildConfiguration;
			buildSettings = {
				ALWAYS_SEARCH_USER_PATHS = NO;
				CLANG_ANALYZER_NONNULL = YES;
				CLANG_ANALYZER_NUMBER_OBJECT_CONVERSION = YES_AGGRESSIVE;
				CLANG_CXX_LANGUAGE_STANDARD = "gnu++20";
				CLANG_ENABLE_MODULES = YES;
				CLANG_ENABLE_OBJC_ARC = YES;
				CLANG_ENABLE_OBJC_WEAK = YES;
				CLANG_WARN_BLOCK_CAPTURE_AUTORELEASING = YES;
				CLANG_WARN_BOOL_CONVERSION = YES;
				CLANG_WARN_COMMA = YES;
				CLANG_WARN_CONSTANT_CONVERSION = YES;
				CLANG_WARN_DEPRECATED_OBJC_IMPLEMENTATIONS = YES;
				CLANG_WARN_DIRECT_OBJC_ISA_USAGE = YES_ERROR;
				CLANG_WARN_DOCUMENTATION_COMMENTS = YES;
				CLANG_WARN_EMPTY_BODY = YES;
				CLANG_WARN_ENUM_CONVERSION = YES;
				CLANG_WARN_INFINITE_RECURSION = YES;
				CLANG_WARN_INT_CONVERSION = YES;
				CLANG_WARN_NON_LITERAL_NULL_CONVERSION = YES;
				CLANG_WARN_OBJC_IMPLICIT_RETAIN_SELF = YES;
				CLANG_WARN_OBJC_LITERAL_CONVERSION = YES;
				CLANG_WARN_OBJC_ROOT_CLASS = YES_ERROR;
				CLANG_WARN_QUOTED_INCLUDE_IN_FRAMEWORK_HEADER = YES;
				CLANG_WARN_RANGE_LOOP_ANALYSIS = YES;
				CLANG_WARN_STRICT_PROTOTYPES = YES;
				CLANG_WARN_SUSPICIOUS_MOVE = YES;
				CLANG_WARN_UNGUARDED_AVAILABILITY = YES_AGGRESSIVE;
				CLANG_WARN_UNREACHABLE_CODE = YES;
				CLANG_WARN__DUPLICATE_METHOD_MATCH = YES;
				COPY_PHASE_STRIP = NO;
				DEBUG_INFORMATION_FORMAT = dwarf;
				ENABLE_STRICT_OBJC_MSGSEND = YES;
				ENABLE_TESTABILITY = YES;
				GCC_C_LANGUAGE_STANDARD = gnu11;
				GCC_DYNAMIC_NO_PIC = NO;
				GCC_NO_COMMON_BLOCKS = YES;
				GCC_OPTIMIZATION_LEVEL = 0;
				GCC_PREPROCESSOR_DEFINITIONS = (
					"DEBUG=1",
					"$(inherited)",
				);
				GCC_WARN_64_TO_32_BIT_CONVERSION = YES;
				GCC_WARN_ABOUT_RETURN_TYPE = YES_ERROR;
				GCC_WARN_UNDECLARED_SELECTOR = YES;
				GCC_WARN_UNINITIALIZED_AUTOS = YES_AGGRESSIVE;
				GCC_WARN_UNUSED_FUNCTION = YES;
				GCC_WARN_UNUSED_VARIABLE = YES;
				IPHONEOS_DEPLOYMENT_TARGET = 16.0;
				MTL_ENABLE_DEBUG_INFO = INCLUDE_SOURCE;
				MTL_FAST_MATH = YES;
				ONLY_ACTIVE_ARCH = YES;
				SDKROOT = iphoneos;
				SWIFT_ACTIVE_COMPILATION_CONDITIONS = DEBUG;
				SWIFT_OPTIMIZATION_LEVEL = "-Onone";
			};
			name = Debug;
		};
		5C07AE282B907B2500675976 /* Release */ = {
			isa = XCBuildConfiguration;
			buildSettings = {
				ALWAYS_SEARCH_USER_PATHS = NO;
				CLANG_ANALYZER_NONNULL = YES;
				CLANG_ANALYZER_NUMBER_OBJECT_CONVERSION = YES_AGGRESSIVE;
				CLANG_CXX_LANGUAGE_STANDARD = "gnu++20";
				CLANG_ENABLE_MODULES = YES;
				CLANG_ENABLE_OBJC_ARC = YES;
				CLANG_ENABLE_OBJC_WEAK = YES;
				CLANG_WARN_BLOCK_CAPTURE_AUTORELEASING = YES;
				CLANG_WARN_BOOL_CONVERSION = YES;
				CLANG_WARN_COMMA = YES;
				CLANG_WARN_CONSTANT_CONVERSION = YES;
				CLANG_WARN_DEPRECATED_OBJC_IMPLEMENTATIONS = YES;
				CLANG_WARN_DIRECT_OBJC_ISA_USAGE = YES_ERROR;
				CLANG_WARN_DOCUMENTATION_COMMENTS = YES;
				CLANG_WARN_EMPTY_BODY = YES;
				CLANG_WARN_ENUM_CONVERSION = YES;
				CLANG_WARN_INFINITE_RECURSION = YES;
				CLANG_WARN_INT_CONVERSION = YES;
				CLANG_WARN_NON_LITERAL_NULL_CONVERSION = YES;
				CLANG_WARN_OBJC_IMPLICIT_RETAIN_SELF = YES;
				CLANG_WARN_OBJC_LITERAL_CONVERSION = YES;
				CLANG_WARN_OBJC_ROOT_CLASS = YES_ERROR;
				CLANG_WARN_QUOTED_INCLUDE_IN_FRAMEWORK_HEADER = YES;
				CLANG_WARN_RANGE_LOOP_ANALYSIS = YES;
				CLANG_WARN_STRICT_PROTOTYPES = YES;
				CLANG_WARN_SUSPICIOUS_MOVE = YES;
				CLANG_WARN_UNGUARDED_AVAILABILITY = YES_AGGRESSIVE;
				CLANG_WARN_UNREACHABLE_CODE = YES;
				CLANG_WARN__DUPLICATE_METHOD_MATCH = YES;
				COPY_PHASE_STRIP = NO;
				DEBUG_INFORMATION_FORMAT = "dwarf-with-dsym";
				ENABLE_NS_ASSERTIONS = NO;
				ENABLE_STRICT_OBJC_MSGSEND = YES;
				GCC_C_LANGUAGE_STANDARD = gnu11;
				GCC_NO_COMMON_BLOCKS = YES;
				GCC_WARN_64_TO_32_BIT_CONVERSION = YES;
				GCC_WARN_ABOUT_RETURN_TYPE = YES_ERROR;
				GCC_WARN_UNDECLARED_SELECTOR = YES;
				GCC_WARN_UNINITIALIZED_AUTOS = YES_AGGRESSIVE;
				GCC_WARN_UNUSED_FUNCTION = YES;
				GCC_WARN_UNUSED_VARIABLE = YES;
				IPHONEOS_DEPLOYMENT_TARGET = 16.0;
				MTL_ENABLE_DEBUG_INFO = NO;
				MTL_FAST_MATH = YES;
				SDKROOT = iphoneos;
				SWIFT_COMPILATION_MODE = wholemodule;
				SWIFT_OPTIMIZATION_LEVEL = "-O";
				VALIDATE_PRODUCT = YES;
			};
			name = Release;
		};
		5C07AE2A2B907B2500675976 /* Debug */ = {
			isa = XCBuildConfiguration;
			buildSettings = {
				ASSETCATALOG_COMPILER_APPICON_NAME = AppIcon;
				ASSETCATALOG_COMPILER_GLOBAL_ACCENT_COLOR_NAME = AccentColor;
				CODE_SIGN_STYLE = Automatic;
				CURRENT_PROJECT_VERSION = 1;
				DEVELOPMENT_ASSET_PATHS = "\"Assignment/Preview Content\"";
				DEVELOPMENT_TEAM = N62N447LUW;
				ENABLE_PREVIEWS = YES;
				GENERATE_INFOPLIST_FILE = YES;
				INFOPLIST_KEY_UIApplicationSceneManifest_Generation = YES;
				INFOPLIST_KEY_UIApplicationSupportsIndirectInputEvents = YES;
				INFOPLIST_KEY_UILaunchScreen_Generation = YES;
				INFOPLIST_KEY_UISupportedInterfaceOrientations_iPad = "UIInterfaceOrientationPortrait UIInterfaceOrientationPortraitUpsideDown UIInterfaceOrientationLandscapeLeft UIInterfaceOrientationLandscapeRight";
				INFOPLIST_KEY_UISupportedInterfaceOrientations_iPhone = "UIInterfaceOrientationPortrait UIInterfaceOrientationLandscapeLeft UIInterfaceOrientationLandscapeRight";
				LD_RUNPATH_SEARCH_PATHS = (
					"$(inherited)",
					"@executable_path/Frameworks",
				);
				MARKETING_VERSION = 1.0;
				PRODUCT_BUNDLE_IDENTIFIER = com.openAI.Assignment;
				PRODUCT_NAME = "$(TARGET_NAME)";
				SWIFT_EMIT_LOC_STRINGS = YES;
				SWIFT_VERSION = 5.0;
				TARGETED_DEVICE_FAMILY = "1,2";
			};
			name = Debug;
		};
		5C07AE2B2B907B2500675976 /* Release */ = {
			isa = XCBuildConfiguration;
			buildSettings = {
				ASSETCATALOG_COMPILER_APPICON_NAME = AppIcon;
				ASSETCATALOG_COMPILER_GLOBAL_ACCENT_COLOR_NAME = AccentColor;
				CODE_SIGN_STYLE = Automatic;
				CURRENT_PROJECT_VERSION = 1;
				DEVELOPMENT_ASSET_PATHS = "\"Assignment/Preview Content\"";
				DEVELOPMENT_TEAM = N62N447LUW;
				ENABLE_PREVIEWS = YES;
				GENERATE_INFOPLIST_FILE = YES;
				INFOPLIST_KEY_UIApplicationSceneManifest_Generation = YES;
				INFOPLIST_KEY_UIApplicationSupportsIndirectInputEvents = YES;
				INFOPLIST_KEY_UILaunchScreen_Generation = YES;
				INFOPLIST_KEY_UISupportedInterfaceOrientations_iPad = "UIInterfaceOrientationPortrait UIInterfaceOrientationPortraitUpsideDown UIInterfaceOrientationLandscapeLeft UIInterfaceOrientationLandscapeRight";
				INFOPLIST_KEY_UISupportedInterfaceOrientations_iPhone = "UIInterfaceOrientationPortrait UIInterfaceOrientationLandscapeLeft UIInterfaceOrientationLandscapeRight";
				LD_RUNPATH_SEARCH_PATHS = (
					"$(inherited)",
					"@executable_path/Frameworks",
				);
				MARKETING_VERSION = 1.0;
				PRODUCT_BUNDLE_IDENTIFIER = com.openAI.Assignment;
				PRODUCT_NAME = "$(TARGET_NAME)";
				SWIFT_EMIT_LOC_STRINGS = YES;
				SWIFT_VERSION = 5.0;
				TARGETED_DEVICE_FAMILY = "1,2";
			};
			name = Release;
		};
		5C07AE2D2B907B2500675976 /* Debug */ = {
			isa = XCBuildConfiguration;
			buildSettings = {
				ALWAYS_EMBED_SWIFT_STANDARD_LIBRARIES = YES;
				BUNDLE_LOADER = "$(TEST_HOST)";
				CODE_SIGN_STYLE = Automatic;
				CURRENT_PROJECT_VERSION = 1;
				DEVELOPMENT_TEAM = N62N447LUW;
				GENERATE_INFOPLIST_FILE = YES;
				IPHONEOS_DEPLOYMENT_TARGET = 16.0;
				MARKETING_VERSION = 1.0;
				PRODUCT_BUNDLE_IDENTIFIER = com.openAI.AssignmentTests;
				PRODUCT_NAME = "$(TARGET_NAME)";
				SWIFT_EMIT_LOC_STRINGS = NO;
				SWIFT_VERSION = 5.0;
				TARGETED_DEVICE_FAMILY = "1,2";
				TEST_HOST = "$(BUILT_PRODUCTS_DIR)/Assignment.app/$(BUNDLE_EXECUTABLE_FOLDER_PATH)/Assignment";
			};
			name = Debug;
		};
		5C07AE2E2B907B2500675976 /* Release */ = {
			isa = XCBuildConfiguration;
			buildSettings = {
				ALWAYS_EMBED_SWIFT_STANDARD_LIBRARIES = YES;
				BUNDLE_LOADER = "$(TEST_HOST)";
				CODE_SIGN_STYLE = Automatic;
				CURRENT_PROJECT_VERSION = 1;
				DEVELOPMENT_TEAM = N62N447LUW;
				GENERATE_INFOPLIST_FILE = YES;
				IPHONEOS_DEPLOYMENT_TARGET = 16.0;
				MARKETING_VERSION = 1.0;
				PRODUCT_BUNDLE_IDENTIFIER = com.openAI.AssignmentTests;
				PRODUCT_NAME = "$(TARGET_NAME)";
				SWIFT_EMIT_LOC_STRINGS = NO;
				SWIFT_VERSION = 5.0;
				TARGETED_DEVICE_FAMILY = "1,2";
				TEST_HOST = "$(BUILT_PRODUCTS_DIR)/Assignment.app/$(BUNDLE_EXECUTABLE_FOLDER_PATH)/Assignment";
			};
			name = Release;
		};
		5C07AE302B907B2500675976 /* Debug */ = {
			isa = XCBuildConfiguration;
			buildSettings = {
				ALWAYS_EMBED_SWIFT_STANDARD_LIBRARIES = YES;
				CODE_SIGN_STYLE = Automatic;
				CURRENT_PROJECT_VERSION = 1;
				DEVELOPMENT_TEAM = N62N447LUW;
				GENERATE_INFOPLIST_FILE = YES;
				MARKETING_VERSION = 1.0;
				PRODUCT_BUNDLE_IDENTIFIER = com.openAI.AssignmentUITests;
				PRODUCT_NAME = "$(TARGET_NAME)";
				SWIFT_EMIT_LOC_STRINGS = NO;
				SWIFT_VERSION = 5.0;
				TARGETED_DEVICE_FAMILY = "1,2";
				TEST_TARGET_NAME = Assignment;
			};
			name = Debug;
		};
		5C07AE312B907B2500675976 /* Release */ = {
			isa = XCBuildConfiguration;
			buildSettings = {
				ALWAYS_EMBED_SWIFT_STANDARD_LIBRARIES = YES;
				CODE_SIGN_STYLE = Automatic;
				CURRENT_PROJECT_VERSION = 1;
				DEVELOPMENT_TEAM = N62N447LUW;
				GENERATE_INFOPLIST_FILE = YES;
				MARKETING_VERSION = 1.0;
				PRODUCT_BUNDLE_IDENTIFIER = com.openAI.AssignmentUITests;
				PRODUCT_NAME = "$(TARGET_NAME)";
				SWIFT_EMIT_LOC_STRINGS = NO;
				SWIFT_VERSION = 5.0;
				TARGETED_DEVICE_FAMILY = "1,2";
				TEST_TARGET_NAME = Assignment;
			};
			name = Release;
		};
/* End XCBuildConfiguration section */

/* Begin XCConfigurationList section */
		5C07AE002B907B1E00675976 /* Build configuration list for PBXProject "Assignment" */ = {
			isa = XCConfigurationList;
			buildConfigurations = (
				5C07AE272B907B2500675976 /* Debug */,
				5C07AE282B907B2500675976 /* Release */,
			);
			defaultConfigurationIsVisible = 0;
			defaultConfigurationName = Release;
		};
		5C07AE292B907B2500675976 /* Build configuration list for PBXNativeTarget "Assignment" */ = {
			isa = XCConfigurationList;
			buildConfigurations = (
				5C07AE2A2B907B2500675976 /* Debug */,
				5C07AE2B2B907B2500675976 /* Release */,
			);
			defaultConfigurationIsVisible = 0;
			defaultConfigurationName = Release;
		};
		5C07AE2C2B907B2500675976 /* Build configuration list for PBXNativeTarget "AssignmentTests" */ = {
			isa = XCConfigurationList;
			buildConfigurations = (
				5C07AE2D2B907B2500675976 /* Debug */,
				5C07AE2E2B907B2500675976 /* Release */,
			);
			defaultConfigurationIsVisible = 0;
			defaultConfigurationName = Release;
		};
		5C07AE2F2B907B2500675976 /* Build configuration list for PBXNativeTarget "AssignmentUITests" */ = {
			isa = XCConfigurationList;
			buildConfigurations = (
				5C07AE302B907B2500675976 /* Debug */,
				5C07AE312B907B2500675976 /* Release */,
			);
			defaultConfigurationIsVisible = 0;
			defaultConfigurationName = Release;
		};
/* End XCConfigurationList section */
	};
	rootObject = 5C07ADFD2B907B1E00675976 /* Project object */;
}
